
Microsoft Visual Studio Solution File, Format Version 12.00
# Visual Studio Version 16
VisualStudioVersion = 16.0.31025.194
MinimumVisualStudioVersion = 10.0.40219.1
Project("{FAE04EC0-301F-11D3-BF4B-00C04F79EFBC}") = "Unilink.Data", "Unilink.Data\Unilink.Data.csproj", "{3426D834-F545-4531-B724-33FE2A4EC146}"
EndProject
Project("{FAE04EC0-301F-11D3-BF4B-00C04F79EFBC}") = "Unilink.Business", "Unilink.Business\Unilink.Business.csproj", "{CCC5CA46-36F0-4217-A670-945CD9D6EDB5}"
EndProject
Project("{FAE04EC0-301F-11D3-BF4B-00C04F79EFBC}") = "Unilink.Api", "Unilink.Api\Unilink.Api.csproj", "{74CE5B3B-9B2B-469E-BD36-43F209A33DAD}"
EndProject
Global
	GlobalSection(SolutionConfigurationPlatforms) = preSolution
		Debug|Any CPU = Debug|Any CPU
		Release|Any CPU = Release|Any CPU
	EndGlobalSection
	GlobalSection(ProjectConfigurationPlatforms) = postSolution
		{3426D834-F545-4531-B724-33FE2A4EC146}.Debug|Any CPU.ActiveCfg = Debug|Any CPU
		{3426D834-F545-4531-B724-33FE2A4EC146}.Debug|Any CPU.Build.0 = Debug|Any CPU
		{3426D834-F545-4531-B724-33FE2A4EC146}.Release|Any CPU.ActiveCfg = Release|Any CPU
		{3426D834-F545-4531-B724-33FE2A4EC146}.Release|Any CPU.Build.0 = Release|Any CPU
		{CCC5CA46-36F0-4217-A670-945CD9D6EDB5}.Debug|Any CPU.ActiveCfg = Debug|Any CPU
		{CCC5CA46-36F0-4217-A670-945CD9D6EDB5}.Debug|Any CPU.Build.0 = Debug|Any CPU
		{CCC5CA46-36F0-4217-A670-945CD9D6EDB5}.Release|Any CPU.ActiveCfg = Release|Any CPU
		{CCC5CA46-36F0-4217-A670-945CD9D6EDB5}.Release|Any CPU.Build.0 = Release|Any CPU
		{74CE5B3B-9B2B-469E-BD36-43F209A33DAD}.Debug|Any CPU.ActiveCfg = Debug|Any CPU
		{74CE5B3B-9B2B-469E-BD36-43F209A33DAD}.Debug|Any CPU.Build.0 = Debug|Any CPU
		{74CE5B3B-9B2B-469E-BD36-43F209A33DAD}.Release|Any CPU.ActiveCfg = Release|Any CPU
		{74CE5B3B-9B2B-469E-BD36-43F209A33DAD}.Release|Any CPU.Build.0 = Release|Any CPU
	EndGlobalSection
	GlobalSection(SolutionProperties) = preSolution
		HideSolutionNode = FALSE
	EndGlobalSection
	GlobalSection(ExtensibilityGlobals) = postSolution
		SolutionGuid = {0EA268E7-C1A6-40F8-A15A-05C3499E4284}
	EndGlobalSection
EndGlobal
